Microsoft Visual Studio Solution File, Format Version 11.00
# Visual Studio 2008

Project("{5A0A43A7-40AD-BE8E-A14D-9ACEF493F54C}") = "Dissertation", "Assembly-CSharp.csproj", "{B464E99C-0AB8-A65C-312C-D2ACD07B08AD}"
EndProject
Global
	GlobalSection(SolutionConfigurationPlatforms) = preSolution
		Debug|Any CPU = Debug|Any CPU
		Release|Any CPU = Release|Any CPU
	EndGlobalSection
	GlobalSection(ProjectConfigurationPlatforms) = postSolution
		{B464E99C-0AB8-A65C-312C-D2ACD07B08AD}.Debug|Any CPU.ActiveCfg = Debug|Any CPU
		{B464E99C-0AB8-A65C-312C-D2ACD07B08AD}.Debug|Any CPU.Build.0 = Debug|Any CPU
		{B464E99C-0AB8-A65C-312C-D2ACD07B08AD}.Release|Any CPU.ActiveCfg = Release|Any CPU
		{B464E99C-0AB8-A65C-312C-D2ACD07B08AD}.Release|Any CPU.Build.0 = Release|Any CPU
	EndGlobalSection
	GlobalSection(SolutionProperties) = preSolution
		HideSolutionNode = FALSE
	EndGlobalSection
	GlobalSection(MonoDevelopProperties) = preSolution
		StartupItem = Assembly-CSharp.csproj
	EndGlobalSection
EndGlobal
