
Microsoft Visual Studio Solution File, Format Version 12.00
# Visual Studio 2015
Project("{FAE04EC0-301F-11D3-BF4B-00C04F79EFBC}") = "Dissertation.Plugins", "Dissertation.Plugins.csproj", "{730046D2-805B-37A4-DDDA-8C0A157425DA}"
EndProject
Project("{FAE04EC0-301F-11D3-BF4B-00C04F79EFBC}") = "Dissertation", "Dissertation.csproj", "{3EC3F6CA-6FBB-06BE-C910-31E743A827EF}"
EndProject
Project("{FAE04EC0-301F-11D3-BF4B-00C04F79EFBC}") = "Dissertation.Editor.Plugins", "Dissertation.Editor.Plugins.csproj", "{97A2D200-9BF9-2785-581A-9BDB7DF1A2D4}"
EndProject
Global
	GlobalSection(SolutionConfigurationPlatforms) = preSolution
		Debug|Any CPU = Debug|Any CPU
		Release|Any CPU = Release|Any CPU
	EndGlobalSection
	GlobalSection(ProjectConfigurationPlatforms) = postSolution
		{730046D2-805B-37A4-DDDA-8C0A157425DA}.Debug|Any CPU.ActiveCfg = Debug|Any CPU
		{730046D2-805B-37A4-DDDA-8C0A157425DA}.Debug|Any CPU.Build.0 = Debug|Any CPU
		{730046D2-805B-37A4-DDDA-8C0A157425DA}.Release|Any CPU.ActiveCfg = Release|Any CPU
		{730046D2-805B-37A4-DDDA-8C0A157425DA}.Release|Any CPU.Build.0 = Release|Any CPU
		{3EC3F6CA-6FBB-06BE-C910-31E743A827EF}.Debug|Any CPU.ActiveCfg = Debug|Any CPU
		{3EC3F6CA-6FBB-06BE-C910-31E743A827EF}.Debug|Any CPU.Build.0 = Debug|Any CPU
		{3EC3F6CA-6FBB-06BE-C910-31E743A827EF}.Release|Any CPU.ActiveCfg = Release|Any CPU
		{3EC3F6CA-6FBB-06BE-C910-31E743A827EF}.Release|Any CPU.Build.0 = Release|Any CPU
		{97A2D200-9BF9-2785-581A-9BDB7DF1A2D4}.Debug|Any CPU.ActiveCfg = Debug|Any CPU
		{97A2D200-9BF9-2785-581A-9BDB7DF1A2D4}.Debug|Any CPU.Build.0 = Debug|Any CPU
		{97A2D200-9BF9-2785-581A-9BDB7DF1A2D4}.Release|Any CPU.ActiveCfg = Release|Any CPU
		{97A2D200-9BF9-2785-581A-9BDB7DF1A2D4}.Release|Any CPU.Build.0 = Release|Any CPU
	EndGlobalSection
	GlobalSection(SolutionProperties) = preSolution
		HideSolutionNode = FALSE
	EndGlobalSection
EndGlobal
